
Microsoft Visual Studio Solution File, Format Version 12.00
Project("{2150E333-8FDC-42A3-9474-1A3956D46DE8}") = "common", "common", "{57BF021B-6DD1-48D7-AAA5-66C3F7E334A1}"
	ProjectSection(SolutionItems) = preProject
		.editorconfig = .editorconfig
		.gitignore = .gitignore
		Directory.Build.props = Directory.Build.props
		Directory.Packages.props = Directory.Packages.props
		appsettings.json = appsettings.json
		appsettings.json.test = appsettings.json.test
	EndProjectSection
EndProject
Project("{FAE04EC0-301F-11D3-BF4B-00C04F79EFBC}") = "Models", "Models\Models.csproj", "{1735486B-9E0E-4716-9E32-766F5C75D9BB}"
EndProject
Project("{FAE04EC0-301F-11D3-BF4B-00C04F79EFBC}") = "Application", "Application\Application.csproj", "{36A91983-E87B-4BE2-8353-E60C84CE1CD8}"
EndProject
Project("{FAE04EC0-301F-11D3-BF4B-00C04F79EFBC}") = "Contracts", "Contracts\Contracts.csproj", "{9D208EA1-20D6-41F2-A5B0-53A0E1A9FA3E}"
EndProject
Project("{FAE04EC0-301F-11D3-BF4B-00C04F79EFBC}") = "DataAccess", "DataAccess\DataAccess.csproj", "{27D3A276-F26C-4DE2-824D-E5A22BE548C9}"
EndProject
Project("{2150E333-8FDC-42A3-9474-1A3956D46DE8}") = "Application", "Application", "{82B54398-414D-4990-8091-D27268DD3554}"
EndProject
Project("{2150E333-8FDC-42A3-9474-1A3956D46DE8}") = "Infrastructure", "Infrastructure", "{42222E1A-7080-4802-97D6-0DA54B4CE1A0}"
EndProject
Project("{2150E333-8FDC-42A3-9474-1A3956D46DE8}") = "Presentation", "Presentation", "{3FBF7FC7-1769-4F9C-A9D6-E4ED364C70B1}"
EndProject
Project("{FAE04EC0-301F-11D3-BF4B-00C04F79EFBC}") = "Main", "Main\Main.csproj", "{0690C4B6-B274-45D8-8E75-86E9B07F26D5}"
EndProject
Project("{FAE04EC0-301F-11D3-BF4B-00C04F79EFBC}") = "TelegramBot", "TelegramBot\TelegramBot.csproj", "{9081775A-7A09-4F2B-933D-B9A9C5902E31}"
EndProject
Global
	GlobalSection(SolutionConfigurationPlatforms) = preSolution
		Debug|Any CPU = Debug|Any CPU
		Release|Any CPU = Release|Any CPU
	EndGlobalSection
	GlobalSection(ProjectConfigurationPlatforms) = postSolution
		{1735486B-9E0E-4716-9E32-766F5C75D9BB}.Debug|Any CPU.ActiveCfg = Debug|Any CPU
		{1735486B-9E0E-4716-9E32-766F5C75D9BB}.Debug|Any CPU.Build.0 = Debug|Any CPU
		{1735486B-9E0E-4716-9E32-766F5C75D9BB}.Release|Any CPU.ActiveCfg = Release|Any CPU
		{1735486B-9E0E-4716-9E32-766F5C75D9BB}.Release|Any CPU.Build.0 = Release|Any CPU
		{36A91983-E87B-4BE2-8353-E60C84CE1CD8}.Debug|Any CPU.ActiveCfg = Debug|Any CPU
		{36A91983-E87B-4BE2-8353-E60C84CE1CD8}.Debug|Any CPU.Build.0 = Debug|Any CPU
		{36A91983-E87B-4BE2-8353-E60C84CE1CD8}.Release|Any CPU.ActiveCfg = Release|Any CPU
		{36A91983-E87B-4BE2-8353-E60C84CE1CD8}.Release|Any CPU.Build.0 = Release|Any CPU
		{9D208EA1-20D6-41F2-A5B0-53A0E1A9FA3E}.Debug|Any CPU.ActiveCfg = Debug|Any CPU
		{9D208EA1-20D6-41F2-A5B0-53A0E1A9FA3E}.Debug|Any CPU.Build.0 = Debug|Any CPU
		{9D208EA1-20D6-41F2-A5B0-53A0E1A9FA3E}.Release|Any CPU.ActiveCfg = Release|Any CPU
		{9D208EA1-20D6-41F2-A5B0-53A0E1A9FA3E}.Release|Any CPU.Build.0 = Release|Any CPU
		{27D3A276-F26C-4DE2-824D-E5A22BE548C9}.Debug|Any CPU.ActiveCfg = Debug|Any CPU
		{27D3A276-F26C-4DE2-824D-E5A22BE548C9}.Debug|Any CPU.Build.0 = Debug|Any CPU
		{27D3A276-F26C-4DE2-824D-E5A22BE548C9}.Release|Any CPU.ActiveCfg = Release|Any CPU
		{27D3A276-F26C-4DE2-824D-E5A22BE548C9}.Release|Any CPU.Build.0 = Release|Any CPU
		{0690C4B6-B274-45D8-8E75-86E9B07F26D5}.Debug|Any CPU.ActiveCfg = Debug|Any CPU
		{0690C4B6-B274-45D8-8E75-86E9B07F26D5}.Debug|Any CPU.Build.0 = Debug|Any CPU
		{0690C4B6-B274-45D8-8E75-86E9B07F26D5}.Release|Any CPU.ActiveCfg = Release|Any CPU
		{0690C4B6-B274-45D8-8E75-86E9B07F26D5}.Release|Any CPU.Build.0 = Release|Any CPU
		{9081775A-7A09-4F2B-933D-B9A9C5902E31}.Debug|Any CPU.ActiveCfg = Debug|Any CPU
		{9081775A-7A09-4F2B-933D-B9A9C5902E31}.Debug|Any CPU.Build.0 = Debug|Any CPU
		{9081775A-7A09-4F2B-933D-B9A9C5902E31}.Release|Any CPU.ActiveCfg = Release|Any CPU
		{9081775A-7A09-4F2B-933D-B9A9C5902E31}.Release|Any CPU.Build.0 = Release|Any CPU
	EndGlobalSection
	GlobalSection(NestedProjects) = preSolution
		{36A91983-E87B-4BE2-8353-E60C84CE1CD8} = {82B54398-414D-4990-8091-D27268DD3554}
		{9D208EA1-20D6-41F2-A5B0-53A0E1A9FA3E} = {82B54398-414D-4990-8091-D27268DD3554}
		{1735486B-9E0E-4716-9E32-766F5C75D9BB} = {82B54398-414D-4990-8091-D27268DD3554}
		{27D3A276-F26C-4DE2-824D-E5A22BE548C9} = {42222E1A-7080-4802-97D6-0DA54B4CE1A0}
		{0690C4B6-B274-45D8-8E75-86E9B07F26D5} = {3FBF7FC7-1769-4F9C-A9D6-E4ED364C70B1}
		{9081775A-7A09-4F2B-933D-B9A9C5902E31} = {3FBF7FC7-1769-4F9C-A9D6-E4ED364C70B1}
	EndGlobalSection
EndGlobal
